
Microsoft Visual Studio Solution File, Format Version 12.00
# Visual Studio Version 16
VisualStudioVersion = 16.0.29709.97
MinimumVisualStudioVersion = 10.0.40219.1
Project("{FAE04EC0-301F-11D3-BF4B-00C04F79EFBC}") = "MVCDemo", "MVCDemo\MVCDemo.csproj", "{66BE2753-563B-4F2B-9F01-13CC600B33F3}"
EndProject
Global
	GlobalSection(SolutionConfigurationPlatforms) = preSolution
		Debug|Any CPU = Debug|Any CPU
		Release|Any CPU = Release|Any CPU
	EndGlobalSection
	GlobalSection(ProjectConfigurationPlatforms) = postSolution
		{66BE2753-563B-4F2B-9F01-13CC600B33F3}.Debug|Any CPU.ActiveCfg = Debug|Any CPU
		{66BE2753-563B-4F2B-9F01-13CC600B33F3}.Debug|Any CPU.Build.0 = Debug|Any CPU
		{66BE2753-563B-4F2B-9F01-13CC600B33F3}.Release|Any CPU.ActiveCfg = Release|Any CPU
		{66BE2753-563B-4F2B-9F01-13CC600B33F3}.Release|Any CPU.Build.0 = Release|Any CPU
	EndGlobalSection
	GlobalSection(SolutionProperties) = preSolution
		HideSolutionNode = FALSE
	EndGlobalSection
	GlobalSection(ExtensibilityGlobals) = postSolution
		SolutionGuid = {B24065C9-2563-49C1-AC71-EC7F84172B30}
	EndGlobalSection
EndGlobal
